
Microsoft Visual Studio Solution File, Format Version 12.00
# Visual Studio Version 17
VisualStudioVersion = 17.9.34622.214
MinimumVisualStudioVersion = 10.0.40219.1
Project("{FAE04EC0-301F-11D3-BF4B-00C04F79EFBC}") = "EmployeeManagementSystem", "EmployeeManagementSystem.csproj", "{BE4AC402-7D34-47B4-AE82-4D00E7492DE8}"
EndProject
Global
	GlobalSection(SolutionConfigurationPlatforms) = preSolution
		Debug|Any CPU = Debug|Any CPU
		Release|Any CPU = Release|Any CPU
	EndGlobalSection
	GlobalSection(ProjectConfigurationPlatforms) = postSolution
		{BE4AC402-7D34-47B4-AE82-4D00E7492DE8}.Debug|Any CPU.ActiveCfg = Debug|Any CPU
		{BE4AC402-7D34-47B4-AE82-4D00E7492DE8}.Debug|Any CPU.Build.0 = Debug|Any CPU
		{BE4AC402-7D34-47B4-AE82-4D00E7492DE8}.Release|Any CPU.ActiveCfg = Release|Any CPU
		{BE4AC402-7D34-47B4-AE82-4D00E7492DE8}.Release|Any CPU.Build.0 = Release|Any CPU
	EndGlobalSection
	GlobalSection(SolutionProperties) = preSolution
		HideSolutionNode = FALSE
	EndGlobalSection
	GlobalSection(ExtensibilityGlobals) = postSolution
		SolutionGuid = {B0935C86-920A-4366-A855-1727334D1078}
	EndGlobalSection
EndGlobal
